
Microsoft Visual Studio Solution File, Format Version 12.00
# Visual Studio 2013
VisualStudioVersion = 12.0.30501.0
MinimumVisualStudioVersion = 10.0.40219.1
Project("{FAE04EC0-301F-11D3-BF4B-00C04F79EFBC}") = "FTPClient", "FTPClient\FTPClient.csproj", "{440F5DEA-F6D3-4136-A7C6-4DF2C05C507A}"
	ProjectSection(ProjectDependencies) = postProject
		{7DE7D45A-C322-45CF-95F0-BB26BE6B9F5C} = {7DE7D45A-C322-45CF-95F0-BB26BE6B9F5C}
	EndProjectSection
EndProject
Project("{FAE04EC0-301F-11D3-BF4B-00C04F79EFBC}") = "FTPClientBL", "FTPClientBL\FTPClientBL.csproj", "{7DE7D45A-C322-45CF-95F0-BB26BE6B9F5C}"
EndProject
Global
	GlobalSection(TeamFoundationVersionControl) = preSolution
		SccNumberOfProjects = 3
		SccEnterpriseProvider = {4CA58AB2-18FA-4F8D-95D4-32DDF27D184C}
		SccTeamFoundationServer = http://sysdevtfs01:8080/tfs/sysdevjb
		SccLocalPath0 = .
		SccProjectUniqueName1 = FTPClient\\FTPClient.csproj
		SccProjectName1 = FTPClient
		SccLocalPath1 = FTPClient
		SccProjectUniqueName2 = FTPClientBL\\FTPClientBL.csproj
		SccProjectName2 = FTPClientBL
		SccLocalPath2 = FTPClientBL
	EndGlobalSection
	GlobalSection(SolutionConfigurationPlatforms) = preSolution
		Debug|Any CPU = Debug|Any CPU
		Release|Any CPU = Release|Any CPU
	EndGlobalSection
	GlobalSection(ProjectConfigurationPlatforms) = postSolution
		{440F5DEA-F6D3-4136-A7C6-4DF2C05C507A}.Debug|Any CPU.ActiveCfg = Debug|Any CPU
		{440F5DEA-F6D3-4136-A7C6-4DF2C05C507A}.Debug|Any CPU.Build.0 = Debug|Any CPU
		{440F5DEA-F6D3-4136-A7C6-4DF2C05C507A}.Release|Any CPU.ActiveCfg = Release|Any CPU
		{440F5DEA-F6D3-4136-A7C6-4DF2C05C507A}.Release|Any CPU.Build.0 = Release|Any CPU
		{7DE7D45A-C322-45CF-95F0-BB26BE6B9F5C}.Debug|Any CPU.ActiveCfg = Debug|Any CPU
		{7DE7D45A-C322-45CF-95F0-BB26BE6B9F5C}.Debug|Any CPU.Build.0 = Debug|Any CPU
		{7DE7D45A-C322-45CF-95F0-BB26BE6B9F5C}.Release|Any CPU.ActiveCfg = Release|Any CPU
		{7DE7D45A-C322-45CF-95F0-BB26BE6B9F5C}.Release|Any CPU.Build.0 = Release|Any CPU
	EndGlobalSection
	GlobalSection(SolutionProperties) = preSolution
		HideSolutionNode = FALSE
	EndGlobalSection
EndGlobal
